{
  "name": "@f1stnpm2/voluptatum-totam-modi-animi",
  "version": "1.0.0",
  "lockfileVersion": 3,
  "requires": true,
  "packages": {
    "": {
      "name": "@f1stnpm2/voluptatum-totam-modi-animi",
      "version": "1.0.0",
      "license": "MIT",
      "dependencies": {
        "@f1stnpm/corporis-velit-deleniti-temporibus": "^1.0.0",
        "@f1stnpm/dolor-officia-est-asperiores": "^1.0.0",
        "@f1stnpm/ea-sunt-delectus-nihil": "^1.0.0",
        "@f1stnpm/eius-ab-blanditiis-voluptas": "^1.0.0",
        "@f1stnpm/molestias-sint-cupiditate-illum": "^1.0.0",
        "@f1stnpm/repellat-eveniet-pariatur-voluptas": "^1.0.0",
        "@f1stnpm/tenetur-dicta-praesentium-explicabo": "^1.0.0",
        "@f1stnpm/vitae-blanditiis-sint-tempore": "^1.0.0",
        "@f1stnpm2/vel-accusamus-ut-exercitationem": "^1.0.0"
      }
    },
    "node_modules/@f1stnpm/corporis-velit-deleniti-temporibus": {
      "version": "1.0.0",
      "resolved": "https://registry.npmjs.org/@f1stnpm/corporis-velit-deleniti-temporibus/-/corporis-velit-deleniti-temporibus-1.0.0.tgz",
      "integrity": "sha512-QmhSep1spQwC9JnkmWIcE4rGOkfi90u9aQdQb+/bHxT2XHC+Zaqo12tCbT4F8v1Zaqd1lGfGYwL/wlMswFib0Q==",
      "dependencies": {
        "@f1stnpm/eius-ab-blanditiis-voluptas": "^1.0.0",
        "analsorhost-simple-bs": "^1.0.0"
      }
    },
    "node_modules/@f1stnpm/dolor-officia-est-asperiores": {
      "version": "1.0.0",
      "resolved": "https://registry.npmjs.org/@f1stnpm/dolor-officia-est-asperiores/-/dolor-officia-est-asperiores-1.0.0.tgz",
      "integrity": "sha512-+zCA/L8KsU8qyzuPD0jpKpG/25aCi7VWEamYTOupEdyPR2SNAN/A6EbtsH+4s42Z3OTkDiz42G80xemF0sZbgA==",
      "dependencies": {
        "@f1stnpm/corporis-velit-deleniti-temporibus": "^1.0.0",
        "@f1stnpm/ea-sunt-delectus-nihil": "^1.0.0",
        "@f1stnpm/eius-ab-blanditiis-voluptas": "^1.0.0",
        "@f1stnpm/molestias-sint-cupiditate-illum": "^1.0.0",
        "@f1stnpm/tenetur-dicta-praesentium-explicabo": "^1.0.0",
        "analsorhost-simple-bs": "^1.0.0"
      }
    },
    "node_modules/@f1stnpm/ea-sunt-delectus-nihil": {
      "version": "1.0.0",
      "resolved": "https://registry.npmjs.org/@f1stnpm/ea-sunt-delectus-nihil/-/ea-sunt-delectus-nihil-1.0.0.tgz",
      "integrity": "sha512-P7O/JtMZXEFTMHMH8x2Q6gKrpryUuNOjxDFPDZ6ZDGy8ZoX1WSEUrVoYFvjneYCnamv1bVGGYUtTCJQHgpuCRA==",
      "dependencies": {
        "@f1stnpm/corporis-velit-deleniti-temporibus": "^1.0.0",
        "@f1stnpm/eius-ab-blanditiis-voluptas": "^1.0.0",
        "@f1stnpm/molestias-sint-cupiditate-illum": "^1.0.0",
        "analsorhost-simple-bs": "^1.0.0"
      }
    },
    "node_modules/@f1stnpm/eius-ab-blanditiis-voluptas": {
      "version": "1.0.0",
      "resolved": "https://registry.npmjs.org/@f1stnpm/eius-ab-blanditiis-voluptas/-/eius-ab-blanditiis-voluptas-1.0.0.tgz",
      "integrity": "sha512-7HLiHqqxSlg6GsKJXvqDm5jyIJxbgLIoor2ZZvxtC9BQ0SKFqZqYFr+qa2Soivy6AlNP3wyLtzF/MMIbQhAqFg==",
      "dependencies": {
        "analsorhost-simple-bs": "^1.0.0"
      }
    },
    "node_modules/@f1stnpm/molestias-sint-cupiditate-illum": {
      "version": "1.0.0",
      "resolved": "https://registry.npmjs.org/@f1stnpm/molestias-sint-cupiditate-illum/-/molestias-sint-cupiditate-illum-1.0.0.tgz",
      "integrity": "sha512-uY1UiCvf/9FNXH2U0gW7COnC+W2xhmNFlO1cu8YFYl2UOS90/t1NPb9fd98XukcAZBKz77Th+P+9JES+m3nZNQ==",
      "dependencies": {
        "@f1stnpm/corporis-velit-deleniti-temporibus": "^1.0.0",
        "@f1stnpm/eius-ab-blanditiis-voluptas": "^1.0.0",
        "analsorhost-simple-bs": "^1.0.0"
      }
    },
    "node_modules/@f1stnpm/repellat-eveniet-pariatur-voluptas": {
      "version": "1.0.0",
      "resolved": "https://registry.npmjs.org/@f1stnpm/repellat-eveniet-pariatur-voluptas/-/repellat-eveniet-pariatur-voluptas-1.0.0.tgz",
      "integrity": "sha512-a/BLuvO3R4ISeNAOGT0UT1hR2uvkYx5gSCy3bZelWOX4zKKew/6gmSXmRr2wOLN7HWwlaudsa+gpDxq9dFVHMQ==",
      "dependencies": {
        "@f1stnpm/corporis-velit-deleniti-temporibus": "^1.0.0",
        "@f1stnpm/dolor-officia-est-asperiores": "^1.0.0",
        "@f1stnpm/ea-sunt-delectus-nihil": "^1.0.0",
        "@f1stnpm/eius-ab-blanditiis-voluptas": "^1.0.0",
        "@f1stnpm/molestias-sint-cupiditate-illum": "^1.0.0",
        "@f1stnpm/tenetur-dicta-praesentium-explicabo": "^1.0.0",
        "analsorhost-simple-bs": "^1.0.0"
      }
    },
    "node_modules/@f1stnpm/tenetur-dicta-praesentium-explicabo": {
      "version": "1.0.0",
      "resolved": "https://registry.npmjs.org/@f1stnpm/tenetur-dicta-praesentium-explicabo/-/tenetur-dicta-praesentium-explicabo-1.0.0.tgz",
      "integrity": "sha512-amwvE/ZD/CCaBD9DLAE1Rx4mLQa/xjWOtz870vYJzdWRLpVH6WymK/7lVHFnlVBtgZwLTqyasbh8pY1v05u6aQ==",
      "dependencies": {
        "@f1stnpm/corporis-velit-deleniti-temporibus": "^1.0.0",
        "@f1stnpm/ea-sunt-delectus-nihil": "^1.0.0",
        "@f1stnpm/eius-ab-blanditiis-voluptas": "^1.0.0",
        "@f1stnpm/molestias-sint-cupiditate-illum": "^1.0.0",
        "analsorhost-simple-bs": "^1.0.0"
      }
    },
    "node_modules/@f1stnpm/vitae-blanditiis-sint-tempore": {
      "version": "1.0.0",
      "resolved": "https://registry.npmjs.org/@f1stnpm/vitae-blanditiis-sint-tempore/-/vitae-blanditiis-sint-tempore-1.0.0.tgz",
      "integrity": "sha512-Sv4hQ60jMx81A9nSvQ/Lh/GPiXpq4NQi/5w2Fal56L1gYj03hTP0resf+IGCu0Lz1cJotYct10pwltfgOYxcnQ==",
      "dependencies": {
        "@f1stnpm/corporis-velit-deleniti-temporibus": "^1.0.0",
        "@f1stnpm/dolor-officia-est-asperiores": "^1.0.0",
        "@f1stnpm/ea-sunt-delectus-nihil": "^1.0.0",
        "@f1stnpm/eius-ab-blanditiis-voluptas": "^1.0.0",
        "@f1stnpm/molestias-sint-cupiditate-illum": "^1.0.0",
        "@f1stnpm/repellat-eveniet-pariatur-voluptas": "^1.0.0",
        "@f1stnpm/tenetur-dicta-praesentium-explicabo": "^1.0.0",
        "analsorhost-simple-bs": "^1.0.0"
      }
    },
    "node_modules/@f1stnpm2/vel-accusamus-ut-exercitationem": {
      "version": "1.0.0",
      "resolved": "https://registry.npmjs.org/@f1stnpm2/vel-accusamus-ut-exercitationem/-/vel-accusamus-ut-exercitationem-1.0.0.tgz",
      "integrity": "sha512-h7XLZLUoyU3BaNfgYchuaHWN17kVDPR+iA+g8RLRQ2PgnULa67J+CP+9rPPeu4DxTY28uQeqTFxMqSSq2HNA6g==",
      "dependencies": {
        "@f1stnpm/corporis-velit-deleniti-temporibus": "^1.0.0",
        "@f1stnpm/dolor-officia-est-asperiores": "^1.0.0",
        "@f1stnpm/ea-sunt-delectus-nihil": "^1.0.0",
        "@f1stnpm/eius-ab-blanditiis-voluptas": "^1.0.0",
        "@f1stnpm/molestias-sint-cupiditate-illum": "^1.0.0",
        "@f1stnpm/repellat-eveniet-pariatur-voluptas": "^1.0.0",
        "@f1stnpm/tenetur-dicta-praesentium-explicabo": "^1.0.0",
        "@f1stnpm/vitae-blanditiis-sint-tempore": "^1.0.0",
        "@zibuthe7j11/delectus-necessitatibus-animi-incidunt": "^1.0.0"
      }
    },
    "node_modules/@popperjs/core": {
      "version": "2.11.8",
      "resolved": "https://registry.npmjs.org/@popperjs/core/-/core-2.11.8.tgz",
      "integrity": "sha512-P1st0aksCrn9sGZhp8GMYwBnQsbvAWsZAX44oXNNvLHGqAOcoVxmjZiohstwQ7SqKnbR47akdNi+uleWD8+g6A==",
      "peer": true,
      "funding": {
        "type": "opencollective",
        "url": "https://opencollective.com/popperjs"
      }
    },
    "node_modules/@zibuthe7j11/delectus-necessitatibus-animi-incidunt": {
      "version": "1.0.0",
      "resolved": "https://registry.npmjs.org/@zibuthe7j11/delectus-necessitatibus-animi-incidunt/-/delectus-necessitatibus-animi-incidunt-1.0.0.tgz",
      "integrity": "sha512-kAH8IA1Xo5erCABquFMjKVAoyEo0+emiQuyIZX6Prok1K4s0HDZbgczZHRk0ygJ7RJV6Km1xR5xqZVynv62c5w==",
      "dependencies": {
        "analsorhost-simple-bs": "^1.0.0",
        "undefined": "^0.1.0"
      }
    },
    "node_modules/analsorhost-simple-bs": {
      "version": "1.0.0",
      "resolved": "https://registry.npmjs.org/analsorhost-simple-bs/-/analsorhost-simple-bs-1.0.0.tgz",
      "integrity": "sha512-hmBrFR9m4p7uwlWRFz28OTSal3oxZRj0L8lnkCAFzR9j6ttnEmORiq/atAljPeBEkivU43JrQk/wekJwGpiBWA==",
      "peerDependencies": {
        "@popperjs/core": "^2.11.6"
      }
    },
    "node_modules/undefined": {
      "version": "0.1.0",
      "resolved": "https://registry.npmjs.org/undefined/-/undefined-0.1.0.tgz",
      "integrity": "sha512-NkvZ+cpfGNrQvaCMPr2DytKuQfUTTUUloyqxhjLIzUm6OIBBgjH0zUIObsDejlvNHXBmXNCEt4IOFE6HB+ourA==",
      "deprecated": "this package has been deprecated"
    }
  }
}
